{
  "name": "amie",
  "lockfileVersion": 3,
  "requires": true,
  "packages": {
    "": {
      "dependencies": {
        "node-cron": "^4.0.5"
      },
      "devDependencies": {
        "@types/node-cron": "^3.0.11"
      }
    },
    "node_modules/@types/node-cron": {
      "version": "3.0.11",
      "resolved": "https://registry.npmjs.org/@types/node-cron/-/node-cron-3.0.11.tgz",
      "integrity": "sha512-0ikrnug3/IyneSHqCBeslAhlK2aBfYek1fGo4bP4QnZPmiqSGRK+Oy7ZMisLWkesffJvQ1cqAcBnJC+8+nxIAg==",
      "dev": true,
      "license": "MIT"
    },
    "node_modules/node-cron": {
      "version": "4.0.5",
      "resolved": "https://registry.npmjs.org/node-cron/-/node-cron-4.0.5.tgz",
      "integrity": "sha512-XN5PwNBniFz6y9Ic/VChtrBtlXfAqdKUFou7nid/1pLGNFKO7cXN1nmLKUL7KLnM/Y4nUe5/EC+GsAghCj/N5g==",
      "license": "ISC",
      "engines": {
        "node": ">=6.0.0"
      }
    }
  }
}
